<?xml version="1.0" encoding="UTF-8" standalone="yes" ?>
<CodeBlocks_project_file>
	<FileVersion major="1" minor="6" />
	<Project>
		<Option title="MP2" />
		<Option pch_mode="2" />
		<Option compiler="gcc" />
		<Build>
			<Target title="Debug">
				<Option output="bin/Debug/MP2" prefix_auto="1" extension_auto="1" />
				<Option object_output="obj/Debug/" />
				<Option type="1" />
				<Option compiler="gcc" />
				<Compiler>
					<Add option="-g" />
				</Compiler>
			</Target>
		</Build>
		<Compiler>
			<Add option="-Wall" />
		</Compiler>
		<Unit filename="MP2_Sources/assert.C">
			<Option compilerVar="CC" />
		</Unit>
		<Unit filename="MP2_Sources/assert.H" />
		<Unit filename="MP2_Sources/console.C">
			<Option compilerVar="CC" />
		</Unit>
		<Unit filename="MP2_Sources/console.H" />
		<Unit filename="MP2_Sources/exceptions.C">
			<Option compilerVar="CC" />
		</Unit>
		<Unit filename="MP2_Sources/exceptions.H" />
		<Unit filename="MP2_Sources/frame_pool.C">
			<Option compilerVar="CC" />
		</Unit>
		<Unit filename="MP2_Sources/frame_pool.H" />
		<Unit filename="MP2_Sources/gdt.C">
			<Option compilerVar="CC" />
		</Unit>
		<Unit filename="MP2_Sources/gdt.H" />
		<Unit filename="MP2_Sources/gdt_low.asm" />
		<Unit filename="MP2_Sources/idt.C">
			<Option compilerVar="CC" />
		</Unit>
		<Unit filename="MP2_Sources/idt.H" />
		<Unit filename="MP2_Sources/idt_low.asm" />
		<Unit filename="MP2_Sources/interrupts.C">
			<Option compilerVar="CC" />
		</Unit>
		<Unit filename="MP2_Sources/interrupts.H" />
		<Unit filename="MP2_Sources/irq.C">
			<Option compilerVar="CC" />
		</Unit>
		<Unit filename="MP2_Sources/irq.H" />
		<Unit filename="MP2_Sources/irq_low.asm" />
		<Unit filename="MP2_Sources/kernel.C">
			<Option compilerVar="CC" />
		</Unit>
		<Unit filename="MP2_Sources/machine.C">
			<Option compilerVar="CC" />
		</Unit>
		<Unit filename="MP2_Sources/machine.H" />
		<Unit filename="MP2_Sources/machine_low.H" />
		<Unit filename="MP2_Sources/machine_low.asm" />
		<Unit filename="MP2_Sources/page_table.C">
			<Option compilerVar="CC" />
		</Unit>
		<Unit filename="MP2_Sources/page_table.H" />
		<Unit filename="MP2_Sources/paging_low.H" />
		<Unit filename="MP2_Sources/paging_low.asm" />
		<Unit filename="MP2_Sources/simple_timer.C">
			<Option compilerVar="CC" />
		</Unit>
		<Unit filename="MP2_Sources/simple_timer.H" />
		<Unit filename="MP2_Sources/start.asm" />
		<Unit filename="MP2_Sources/utils.C">
			<Option compilerVar="CC" />
		</Unit>
		<Unit filename="MP2_Sources/utils.H" />
		<Extensions>
			<code_completion />
			<debugger />
		</Extensions>
	</Project>
</CodeBlocks_project_file>
